
Microsoft Visual Studio Solution File, Format Version 12.00
# Visual Studio Version 17
VisualStudioVersion = 17.11.35327.3
MinimumVisualStudioVersion = 10.0.40219.1
Project("{FAE04EC0-301F-11D3-BF4B-00C04F79EFBC}") = "AdoLab", "AdoLab\AdoLab.csproj", "{BC5BAE8F-6778-4BB9-8DF0-48E37B558138}"
EndProject
Global
	GlobalSection(SolutionConfigurationPlatforms) = preSolution
		Debug|Any CPU = Debug|Any CPU
		Release|Any CPU = Release|Any CPU
	EndGlobalSection
	GlobalSection(ProjectConfigurationPlatforms) = postSolution
		{BC5BAE8F-6778-4BB9-8DF0-48E37B558138}.Debug|Any CPU.ActiveCfg = Debug|Any CPU
		{BC5BAE8F-6778-4BB9-8DF0-48E37B558138}.Debug|Any CPU.Build.0 = Debug|Any CPU
		{BC5BAE8F-6778-4BB9-8DF0-48E37B558138}.Release|Any CPU.ActiveCfg = Release|Any CPU
		{BC5BAE8F-6778-4BB9-8DF0-48E37B558138}.Release|Any CPU.Build.0 = Release|Any CPU
	EndGlobalSection
	GlobalSection(SolutionProperties) = preSolution
		HideSolutionNode = FALSE
	EndGlobalSection
	GlobalSection(ExtensibilityGlobals) = postSolution
		SolutionGuid = {9BCFB8F6-5E2B-4B47-9C2F-C0EE55EC6125}
	EndGlobalSection
EndGlobal
